
Microsoft Visual Studio Solution File, Format Version 12.00
# Visual Studio 2012
Project("{FAE04EC0-301F-11D3-BF4B-00C04F79EFBC}") = "Converter", "Converter\Converter.csproj", "{B227BF78-9EE6-4694-A43A-DC1DB4904A31}"
EndProject
Project("{FAE04EC0-301F-11D3-BF4B-00C04F79EFBC}") = "WinForm", "WinForm\WinForm.csproj", "{F61363A1-7F77-40FA-BFAD-1F0EE90DBCAE}"
EndProject
Project("{FAE04EC0-301F-11D3-BF4B-00C04F79EFBC}") = "Contracts", "Contracts\Contracts.csproj", "{A0909B51-C512-4468-A1D0-A7D0FA0F722F}"
EndProject
Global
	GlobalSection(SolutionConfigurationPlatforms) = preSolution
		Debug|Any CPU = Debug|Any CPU
		Release|Any CPU = Release|Any CPU
	EndGlobalSection
	GlobalSection(ProjectConfigurationPlatforms) = postSolution
		{B227BF78-9EE6-4694-A43A-DC1DB4904A31}.Debug|Any CPU.ActiveCfg = Debug|Any CPU
		{B227BF78-9EE6-4694-A43A-DC1DB4904A31}.Debug|Any CPU.Build.0 = Debug|Any CPU
		{B227BF78-9EE6-4694-A43A-DC1DB4904A31}.Release|Any CPU.ActiveCfg = Release|Any CPU
		{B227BF78-9EE6-4694-A43A-DC1DB4904A31}.Release|Any CPU.Build.0 = Release|Any CPU
		{F61363A1-7F77-40FA-BFAD-1F0EE90DBCAE}.Debug|Any CPU.ActiveCfg = Debug|Any CPU
		{F61363A1-7F77-40FA-BFAD-1F0EE90DBCAE}.Debug|Any CPU.Build.0 = Debug|Any CPU
		{F61363A1-7F77-40FA-BFAD-1F0EE90DBCAE}.Release|Any CPU.ActiveCfg = Release|Any CPU
		{F61363A1-7F77-40FA-BFAD-1F0EE90DBCAE}.Release|Any CPU.Build.0 = Release|Any CPU
		{A0909B51-C512-4468-A1D0-A7D0FA0F722F}.Debug|Any CPU.ActiveCfg = Debug|Any CPU
		{A0909B51-C512-4468-A1D0-A7D0FA0F722F}.Debug|Any CPU.Build.0 = Debug|Any CPU
		{A0909B51-C512-4468-A1D0-A7D0FA0F722F}.Release|Any CPU.ActiveCfg = Release|Any CPU
		{A0909B51-C512-4468-A1D0-A7D0FA0F722F}.Release|Any CPU.Build.0 = Release|Any CPU
	EndGlobalSection
	GlobalSection(SolutionProperties) = preSolution
		HideSolutionNode = FALSE
	EndGlobalSection
EndGlobal
